{
    "_meta": {
        "hash": {
            "sha256": "aec8618d784fd356167b25782e737c5b0736feeaafb21bc0f5d77bc50b44c5eb"
        },
        "pipfile-spec": 6,
        "requires": {
            "python_version": "3.8"
        },
        "sources": [
            {
                "name": "pypi",
                "url": "https://pypi.org/simple",
                "verify_ssl": true
            }
        ]
    },
    "default": {
        "llvmlite": {
            "hashes": [
                "sha256:05253f3f44fab0148276335b2c1b2c4a78143dfa78e6bafd7f937d6248f297cc",
                "sha256:11342e5ac320c953590bdd9d0dec8c52f4b5252c4c6335ba25f1e7b9f91f9325",
                "sha256:132322bc084abf336c80dd106f9357978c8c085911fb656898d3be0d9ff057ea",
                "sha256:28264f9e2b3df4135cbcfca5a91c5b0b31dd3fc02fa623b4bb13327f0cd4fc80",
                "sha256:408b15ffec30696406e821c89da010f1bb1eb0aa572be4561c98eb2536d610ab",
                "sha256:5acdc3c3c7ea0ef7a1a6b442272e05d695bc8492e5b07666135ed1cfbf4ab9d2",
                "sha256:5bdf0ce430adfaf938ced5844d12f80616eb8321b5b9edfc45ef84ada5c5242c",
                "sha256:5d1f370bf150db7239204f09cf6a0603292ea28bac984e69b167e16fe160d803",
                "sha256:6d3f81992f52a94077e7b9b16497029daf5b5eebb2cce56f3c8345bbc9c6308e",
                "sha256:8f344102745fceba6eb5bf03c228bb290e9bc79157e9506a4a72878d636f9b3c",
                "sha256:964f8f7a2184963cb3617d057c2382575953e488b7bb061b632ee014cfef110a",
                "sha256:9ff1dcdad03be0cf953aca5fc8cffdca25ccee2ec9e8ec7e95571722cdc02d55",
                "sha256:bb96989bc57a1ccb131e7a0e061d07b68139b6f81a98912345d53d9239e231e1",
                "sha256:d841248d1c630426c93e3eb3f8c45bca0dab77c09faeb7553b1a500220e362ce",
                "sha256:e08d9d2dc5a31636bfc6b516d2d7daba95632afa3419eb8730dc76a7951e9558",
                "sha256:f03ee0d19bca8f2fe922bb424a909d05c28411983b0c2bc58b020032a0d11f63"
            ],
            "markers": "python_version >= '3.6'",
            "version": "==0.34.0"
        },
        "numba": {
            "hashes": [
                "sha256:025b033fd31c44bba17802293c81270084b5454b5b055b8c10c394385c232f00",
                "sha256:05da65dca2ac28a192c9d8f20e9e477eb1237205cfc4d131c414f5f8092c6639",
                "sha256:081788f584fa500339e9b74bf02e3c5029d408c114e555ada19cae0b92721416",
                "sha256:106736d5a8dab6bebce989d4ab1b3f169c264582598f172e6e5b736210d2e834",
                "sha256:16bd59572114adbf5f600ea383880d7b2071ae45477e84a24994e089ea390768",
                "sha256:259e7c15b24feec4a99fb41eb8c47b5ad49b544d1a5ad40ad0252ef531ba06fd",
                "sha256:31cdf6b6d1301d5fb6c4fcb8b4c711ba5c9f60ba2fca008b550da9b56185367c",
                "sha256:5416b584183fd599afda11b947b64f89450fcf26a9c15b408167f412b98a3a94",
                "sha256:93e18350f2094e7432321c1275730a3143b94af012fb609cc180fa376c44867f",
                "sha256:9e2bb1f129bfadd757ad7a9c18ab79c3ab25ce6d6a68e58565d6c52ad07b3566",
                "sha256:a12f16fdb4ca5edc94e2ef412e4e768c29217ef9b6fdfc237d064ebe30acfe14",
                "sha256:a628122dacfcba9a3ea68a9e95578c6b6391016e34962c46550ea8e189e0412e",
                "sha256:aee435e3b7e465dd49971f8ea76aa414532a87736916cb399534e017334d1138",
                "sha256:af798310eeb318c56cdb83254abbe9a938cc0182d08671d7f9f032dc817e064d",
                "sha256:bbbe2432433b11d3fadab0226a84c1a81918cb905ba1aeb022249e8d2ba8856c",
                "sha256:df6edca13c04a31fdb5addf5205199478a7da372712829157ef491e8a6e7031f"
            ],
            "index": "pypi",
            "version": "==0.51.2"
        },
        "numpy": {
            "hashes": [
                "sha256:0cfe07133fd00b27edee5e6385e333e9eeb010607e8a46e1cd673f05f8596595",
                "sha256:11a1f3816ea82eed4178102c56281782690ab5993251fdfd75039aad4d20385f",
                "sha256:2762331de395739c91f1abb88041f94a080cb1143aeec791b3b223976228af3f",
                "sha256:283d9de87c0133ef98f93dfc09fad3fb382f2a15580de75c02b5bb36a5a159a5",
                "sha256:3d22662b4b10112c545c91a0741f2436f8ca979ab3d69d03d19322aa970f9695",
                "sha256:41388e32e40b41dd56eb37fcaa7488b2b47b0adf77c66154d6b89622c110dfe9",
                "sha256:42c16cec1c8cf2728f1d539bd55aaa9d6bb48a7de2f41eb944697293ef65a559",
                "sha256:47ee7a839f5885bc0c63a74aabb91f6f40d7d7b639253768c4199b37aede7982",
                "sha256:5a311ee4d983c487a0ab546708edbdd759393a3dc9cd30305170149fedd23c88",
                "sha256:5dc65644f75a4c2970f21394ad8bea1a844104f0fe01f278631be1c7eae27226",
                "sha256:6ed0d073a9c54ac40c41a9c2d53fcc3d4d4ed607670b9e7b0de1ba13b4cbfe6f",
                "sha256:76ba7c40e80f9dc815c5e896330700fd6e20814e69da9c1267d65a4d051080f1",
                "sha256:818b9be7900e8dc23e013a92779135623476f44a0de58b40c32a15368c01d471",
                "sha256:a024181d7aef0004d76fb3bce2a4c9f2e67a609a9e2a6ff2571d30e9976aa383",
                "sha256:a955e4128ac36797aaffd49ab44ec74a71c11d6938df83b1285492d277db5397",
                "sha256:a97a954a8c2f046d3817c2bce16e3c7e9a9c2afffaf0400f5c16df5172a67c9c",
                "sha256:a97e82c39d9856fe7d4f9b86d8a1e66eff99cf3a8b7ba48202f659703d27c46f",
                "sha256:b55b953a1bdb465f4dc181758570d321db4ac23005f90ffd2b434cc6609a63dd",
                "sha256:bb02929b0d6bfab4c48a79bd805bd7419114606947ec8284476167415171f55b",
                "sha256:bece0a4a49e60e472a6d1f70ac6cdea00f9ab80ff01132f96bd970cdd8a9e5a9",
                "sha256:e41e8951749c4b5c9a2dc5fdbc1a4eec6ab2a140fdae9b460b0f557eed870f4d",
                "sha256:f71d57cc8645f14816ae249407d309be250ad8de93ef61d9709b45a0ddf4050c"
            ],
            "index": "pypi",
            "version": "==1.22.0"
        },
        "setuptools": {
            "hashes": [
                "sha256:990a4f7861b31532871ab72331e755b5f14efbe52d336ea7f6118144dd478741",
                "sha256:c1848f654aea2e3526d17fc3ce6aeaa5e7e24e66e645b5be2171f3f6b4e5a178"
            ],
            "markers": "python_version >= '3.7'",
            "version": "==62.6.0"
        }
    },
    "develop": {
        "backcall": {
            "hashes": [
                "sha256:5cbdbf27be5e7cfadb448baf0aa95508f91f2bbc6c6437cd9cd06e2a4c215e1e",
                "sha256:fbbce6a29f263178a1f7915c1940bde0ec2b2a967566fe1c65c1dfb7422bd255"
            ],
            "version": "==0.2.0"
        },
        "decorator": {
            "hashes": [
                "sha256:637996211036b6385ef91435e4fae22989472f9d571faba8927ba8253acbc330",
                "sha256:b8c3f85900b9dc423225913c5aace94729fe1fa9763b38939a95226f02d37186"
            ],
            "markers": "python_version >= '3.5'",
            "version": "==5.1.1"
        },
        "ipython": {
            "hashes": [
                "sha256:2e22c1f74477b5106a6fb301c342ab8c64bb75d702e350f05a649e8cb40a0fb8",
                "sha256:a331e78086001931de9424940699691ad49dfb457cea31f5471eae7b78222d5e"
            ],
            "index": "pypi",
            "version": "==7.18.1"
        },
        "jedi": {
            "hashes": [
                "sha256:637c9635fcf47945ceb91cd7f320234a7be540ded6f3e99a50cb6febdfd1ba8d",
                "sha256:74137626a64a99c8eb6ae5832d99b3bdd7d29a3850fe2aa80a4126b2a7d949ab"
            ],
            "markers": "python_version >= '3.6'",
            "version": "==0.18.1"
        },
        "parso": {
            "hashes": [
                "sha256:8c07be290bb59f03588915921e29e8a50002acaf2cdc5fa0e0114f91709fafa0",
                "sha256:c001d4636cd3aecdaf33cbb40aebb59b094be2a74c556778ef5576c175e19e75"
            ],
            "markers": "python_version >= '3.6'",
            "version": "==0.8.3"
        },
        "pexpect": {
            "hashes": [
                "sha256:0b48a55dcb3c05f3329815901ea4fc1537514d6ba867a152b581d69ae3710937",
                "sha256:fc65a43959d153d0114afe13997d439c22823a27cefceb5ff35c2178c6784c0c"
            ],
            "markers": "sys_platform != 'win32'",
            "version": "==4.8.0"
        },
        "pickleshare": {
            "hashes": [
                "sha256:87683d47965c1da65cdacaf31c8441d12b8044cdec9aca500cd78fc2c683afca",
                "sha256:9649af414d74d4df115d5d718f82acb59c9d418196b7b4290ed47a12ce62df56"
            ],
            "version": "==0.7.5"
        },
        "prompt-toolkit": {
            "hashes": [
                "sha256:62291dad495e665fca0bda814e342c69952086afb0f4094d0893d357e5c78752",
                "sha256:bd640f60e8cecd74f0dc249713d433ace2ddc62b65ee07f96d358e0b152b6ea7"
            ],
            "markers": "python_full_version >= '3.6.2'",
            "version": "==3.0.29"
        },
        "ptyprocess": {
            "hashes": [
                "sha256:4b41f3967fce3af57cc7e94b888626c18bf37a083e3651ca8feeb66d492fef35",
                "sha256:5c5d0a3b48ceee0b48485e0c26037c0acd7d29765ca3fbb5cb3831d347423220"
            ],
            "version": "==0.7.0"
        },
        "pygments": {
            "hashes": [
                "sha256:5eb116118f9612ff1ee89ac96437bb6b49e8f04d8a13b514ba26f620208e26eb",
                "sha256:dc9c10fb40944260f6ed4c688ece0cd2048414940f1cea51b8b226318411c519"
            ],
            "markers": "python_version >= '3.6'",
            "version": "==2.12.0"
        },
        "setuptools": {
            "hashes": [
                "sha256:990a4f7861b31532871ab72331e755b5f14efbe52d336ea7f6118144dd478741",
                "sha256:c1848f654aea2e3526d17fc3ce6aeaa5e7e24e66e645b5be2171f3f6b4e5a178"
            ],
            "markers": "python_version >= '3.7'",
            "version": "==62.6.0"
        },
        "traitlets": {
            "hashes": [
                "sha256:0bb9f1f9f017aa8ec187d8b1b2a7a6626a2a1d877116baba52a129bfa124f8e2",
                "sha256:65fa18961659635933100db8ca120ef6220555286949774b9cfc106f941d1c7a"
            ],
            "markers": "python_version >= '3.7'",
            "version": "==5.3.0"
        },
        "wcwidth": {
            "hashes": [
                "sha256:beb4802a9cebb9144e99086eff703a642a13d6a0052920003a230f3294bbe784",
                "sha256:c4d647b99872929fdb7bdcaa4fbe7f01413ed3d98077df798530e5b04f116c83"
            ],
            "version": "==0.2.5"
        }
    }
}
